// !$*UTF8*$!
{
	archiveVersion = 1;
	classes = {
	};
	objectVersion = 48;
	objects = {

/* Begin PBXBuildFile section */
		21C48752A8D40F8C973F7350 /* Pods_ChatAppFirebase.framework in Frameworks */ = {isa = PBXBuildFile; fileRef = FA69B0C9DF040520B4C90A4A /* Pods_ChatAppFirebase.framework */; };
		F550CEA01FAC65D100A97B71 /* UIViewExt.swift in Sources */ = {isa = PBXBuildFile; fileRef = F550CE9F1FAC65D100A97B71 /* UIViewExt.swift */; };
		F550CEA21FAC66C500A97B71 /* Message.swift in Sources */ = {isa = PBXBuildFile; fileRef = F550CEA11FAC66C500A97B71 /* Message.swift */; };
		F5585D261FADBEA100CB8849 /* GroupChatFeedCell.swift in Sources */ = {isa = PBXBuildFile; fileRef = F5585D251FADBEA100CB8849 /* GroupChatFeedCell.swift */; };
		F57D2E281FD292F900C86131 /* GoogleServices.swift in Sources */ = {isa = PBXBuildFile; fileRef = F57D2E271FD292F900C86131 /* GoogleServices.swift */; };
		F57D2E2A1FD2A32200C86131 /* FacebookServices.swift in Sources */ = {isa = PBXBuildFile; fileRef = F57D2E291FD2A32200C86131 /* FacebookServices.swift */; };
		F57D2E2E1FD2AF4500C86131 /* Info.plist in Resources */ = {isa = PBXBuildFile; fileRef = F57D2E2D1FD2AF4400C86131 /* Info.plist */; };
		F5C45C641FAA05C900D6A907 /* SigninVC.swift in Sources */ = {isa = PBXBuildFile; fileRef = F5C45C631FAA05C900D6A907 /* SigninVC.swift */; };
		F5D25E3C1FA64BA60003F0CA /* AppDelegate.swift in Sources */ = {isa = PBXBuildFile; fileRef = F5D25E3B1FA64BA60003F0CA /* AppDelegate.swift */; };
		F5D25E3E1FA64BA60003F0CA /* FeedVC.swift in Sources */ = {isa = PBXBuildFile; fileRef = F5D25E3D1FA64BA60003F0CA /* FeedVC.swift */; };
		F5D25E401FA64BA60003F0CA /* GroupsVC.swift in Sources */ = {isa = PBXBuildFile; fileRef = F5D25E3F1FA64BA60003F0CA /* GroupsVC.swift */; };
		F5D25E431FA64BA60003F0CA /* Main.storyboard in Resources */ = {isa = PBXBuildFile; fileRef = F5D25E411FA64BA60003F0CA /* Main.storyboard */; };
		F5D25E451FA64BA60003F0CA /* Assets.xcassets in Resources */ = {isa = PBXBuildFile; fileRef = F5D25E441FA64BA60003F0CA /* Assets.xcassets */; };
		F5D25E481FA64BA60003F0CA /* LaunchScreen.storyboard in Resources */ = {isa = PBXBuildFile; fileRef = F5D25E461FA64BA60003F0CA /* LaunchScreen.storyboard */; };
		F5D978F91FA7BF510066A43B /* GroupFeedVC.swift in Sources */ = {isa = PBXBuildFile; fileRef = F5D978F81FA7BF510066A43B /* GroupFeedVC.swift */; };
		F5D978FB1FA7BF820066A43B /* AuthVC.swift in Sources */ = {isa = PBXBuildFile; fileRef = F5D978FA1FA7BF820066A43B /* AuthVC.swift */; };
		F5D978FF1FA7C0BA0066A43B /* FeedCell.swift in Sources */ = {isa = PBXBuildFile; fileRef = F5D978FE1FA7C0BA0066A43B /* FeedCell.swift */; };
		F5D979011FA7C15D0066A43B /* GroupCell.swift in Sources */ = {isa = PBXBuildFile; fileRef = F5D979001FA7C15D0066A43B /* GroupCell.swift */; };
		F5D979031FA7C3BC0066A43B /* CreateGroupCell.swift in Sources */ = {isa = PBXBuildFile; fileRef = F5D979021FA7C3BC0066A43B /* CreateGroupCell.swift */; };
		F5D9B9111FA656BB00F633CB /* MeVC.swift in Sources */ = {isa = PBXBuildFile; fileRef = F5D9B9101FA656BB00F633CB /* MeVC.swift */; };
		F5D9B9131FA6599800F633CB /* CreatePostVC.swift in Sources */ = {isa = PBXBuildFile; fileRef = F5D9B9121FA6599800F633CB /* CreatePostVC.swift */; };
		F5D9B9151FA65D3B00F633CB /* CreateGroupVC.swift in Sources */ = {isa = PBXBuildFile; fileRef = F5D9B9141FA65D3B00F633CB /* CreateGroupVC.swift */; };
		F5E1582A1FAE102300134F92 /* UIViewControllerExt.swift in Sources */ = {isa = PBXBuildFile; fileRef = F5E158291FAE102300134F92 /* UIViewControllerExt.swift */; };
		F5E31A2C1FADA6FE00C5E894 /* Groups.swift in Sources */ = {isa = PBXBuildFile; fileRef = F5E31A2B1FADA6FE00C5E894 /* Groups.swift */; };
		F5F222171FA9C53C00EC7F73 /* GoogleService-Info.plist in Resources */ = {isa = PBXBuildFile; fileRef = F5F222161FA9C53800EC7F73 /* GoogleService-Info.plist */; };
		F5F222191FA9CA2800EC7F73 /* Constants.swift in Sources */ = {isa = PBXBuildFile; fileRef = F5F222181FA9CA2800EC7F73 /* Constants.swift */; };
		F5F2221B1FA9CA5500EC7F73 /* DataServices.swift in Sources */ = {isa = PBXBuildFile; fileRef = F5F2221A1FA9CA5500EC7F73 /* DataServices.swift */; };
		F5F2221D1FA9CA6200EC7F73 /* AuthServices.swift in Sources */ = {isa = PBXBuildFile; fileRef = F5F2221C1FA9CA6200EC7F73 /* AuthServices.swift */; };
		F5F2221F1FA9D0BA00EC7F73 /* CustomTextField.swift in Sources */ = {isa = PBXBuildFile; fileRef = F5F2221E1FA9D0BA00EC7F73 /* CustomTextField.swift */; };
/* End PBXBuildFile section */

/* Begin PBXFileReference section */
		D2DE78933837274F42BFF881 /* Pods-ChatAppFirebase.release.xcconfig */ = {isa = PBXFileReference; includeInIndex = 1; lastKnownFileType = text.xcconfig; name = "Pods-ChatAppFirebase.release.xcconfig"; path = "Pods/Target Support Files/Pods-ChatAppFirebase/Pods-ChatAppFirebase.release.xcconfig"; sourceTree = "<group>"; };
		F550CE9F1FAC65D100A97B71 /* UIViewExt.swift */ = {isa = PBXFileReference; lastKnownFileType = sourcecode.swift; path = UIViewExt.swift; sourceTree = "<group>"; };
		F550CEA11FAC66C500A97B71 /* Message.swift */ = {isa = PBXFileReference; lastKnownFileType = sourcecode.swift; path = Message.swift; sourceTree = "<group>"; };
		F5585D251FADBEA100CB8849 /* GroupChatFeedCell.swift */ = {isa = PBXFileReference; lastKnownFileType = sourcecode.swift; path = GroupChatFeedCell.swift; sourceTree = "<group>"; };
		F57D2E271FD292F900C86131 /* GoogleServices.swift */ = {isa = PBXFileReference; lastKnownFileType = sourcecode.swift; path = GoogleServices.swift; sourceTree = "<group>"; };
		F57D2E291FD2A32200C86131 /* FacebookServices.swift */ = {isa = PBXFileReference; lastKnownFileType = sourcecode.swift; path = FacebookServices.swift; sourceTree = "<group>"; };
		F57D2E2D1FD2AF4400C86131 /* Info.plist */ = {isa = PBXFileReference; fileEncoding = 4; lastKnownFileType = text.plist.xml; path = Info.plist; sourceTree = "<group>"; };
		F5C45C631FAA05C900D6A907 /* SigninVC.swift */ = {isa = PBXFileReference; lastKnownFileType = sourcecode.swift; path = SigninVC.swift; sourceTree = "<group>"; };
		F5D25E381FA64BA60003F0CA /* ChatAppFirebase.app */ = {isa = PBXFileReference; explicitFileType = wrapper.application; includeInIndex = 0; path = ChatAppFirebase.app; sourceTree = BUILT_PRODUCTS_DIR; };
		F5D25E3B1FA64BA60003F0CA /* AppDelegate.swift */ = {isa = PBXFileReference; lastKnownFileType = sourcecode.swift; path = AppDelegate.swift; sourceTree = "<group>"; };
		F5D25E3D1FA64BA60003F0CA /* FeedVC.swift */ = {isa = PBXFileReference; lastKnownFileType = sourcecode.swift; path = FeedVC.swift; sourceTree = "<group>"; };
		F5D25E3F1FA64BA60003F0CA /* GroupsVC.swift */ = {isa = PBXFileReference; lastKnownFileType = sourcecode.swift; path = GroupsVC.swift; sourceTree = "<group>"; };
		F5D25E421FA64BA60003F0CA /* Base */ = {isa = PBXFileReference; lastKnownFileType = file.storyboard; name = Base; path = Base.lproj/Main.storyboard; sourceTree = "<group>"; };
		F5D25E441FA64BA60003F0CA /* Assets.xcassets */ = {isa = PBXFileReference; lastKnownFileType = folder.assetcatalog; path = Assets.xcassets; sourceTree = "<group>"; };
		F5D25E471FA64BA60003F0CA /* Base */ = {isa = PBXFileReference; lastKnownFileType = file.storyboard; name = Base; path = Base.lproj/LaunchScreen.storyboard; sourceTree = "<group>"; };
		F5D978F81FA7BF510066A43B /* GroupFeedVC.swift */ = {isa = PBXFileReference; lastKnownFileType = sourcecode.swift; path = GroupFeedVC.swift; sourceTree = "<group>"; };
		F5D978FA1FA7BF820066A43B /* AuthVC.swift */ = {isa = PBXFileReference; lastKnownFileType = sourcecode.swift; path = AuthVC.swift; sourceTree = "<group>"; };
		F5D978FE1FA7C0BA0066A43B /* FeedCell.swift */ = {isa = PBXFileReference; lastKnownFileType = sourcecode.swift; path = FeedCell.swift; sourceTree = "<group>"; };
		F5D979001FA7C15D0066A43B /* GroupCell.swift */ = {isa = PBXFileReference; lastKnownFileType = sourcecode.swift; path = GroupCell.swift; sourceTree = "<group>"; };
		F5D979021FA7C3BC0066A43B /* CreateGroupCell.swift */ = {isa = PBXFileReference; lastKnownFileType = sourcecode.swift; path = CreateGroupCell.swift; sourceTree = "<group>"; };
		F5D9B9101FA656BB00F633CB /* MeVC.swift */ = {isa = PBXFileReference; lastKnownFileType = sourcecode.swift; path = MeVC.swift; sourceTree = "<group>"; };
		F5D9B9121FA6599800F633CB /* CreatePostVC.swift */ = {isa = PBXFileReference; lastKnownFileType = sourcecode.swift; path = CreatePostVC.swift; sourceTree = "<group>"; };
		F5D9B9141FA65D3B00F633CB /* CreateGroupVC.swift */ = {isa = PBXFileReference; lastKnownFileType = sourcecode.swift; path = CreateGroupVC.swift; sourceTree = "<group>"; };
		F5E158291FAE102300134F92 /* UIViewControllerExt.swift */ = {isa = PBXFileReference; lastKnownFileType = sourcecode.swift; path = UIViewControllerExt.swift; sourceTree = "<group>"; };
		F5E31A2B1FADA6FE00C5E894 /* Groups.swift */ = {isa = PBXFileReference; lastKnownFileType = sourcecode.swift; path = Groups.swift; sourceTree = "<group>"; };
		F5F222161FA9C53800EC7F73 /* GoogleService-Info.plist */ = {isa = PBXFileReference; lastKnownFileType = text.plist.xml; path = "GoogleService-Info.plist"; sourceTree = "<group>"; };
		F5F222181FA9CA2800EC7F73 /* Constants.swift */ = {isa = PBXFileReference; lastKnownFileType = sourcecode.swift; path = Constants.swift; sourceTree = "<group>"; };
		F5F2221A1FA9CA5500EC7F73 /* DataServices.swift */ = {isa = PBXFileReference; lastKnownFileType = sourcecode.swift; path = DataServices.swift; sourceTree = "<group>"; };
		F5F2221C1FA9CA6200EC7F73 /* AuthServices.swift */ = {isa = PBXFileReference; lastKnownFileType = sourcecode.swift; path = AuthServices.swift; sourceTree = "<group>"; };
		F5F2221E1FA9D0BA00EC7F73 /* CustomTextField.swift */ = {isa = PBXFileReference; lastKnownFileType = sourcecode.swift; path = CustomTextField.swift; sourceTree = "<group>"; };
		FA69B0C9DF040520B4C90A4A /* Pods_ChatAppFirebase.framework */ = {isa = PBXFileReference; explicitFileType = wrapper.framework; includeInIndex = 0; path = Pods_ChatAppFirebase.framework; sourceTree = BUILT_PRODUCTS_DIR; };
		FFF78C8200C6D7E71616EB46 /* Pods-ChatAppFirebase.debug.xcconfig */ = {isa = PBXFileReference; includeInIndex = 1; lastKnownFileType = text.xcconfig; name = "Pods-ChatAppFirebase.debug.xcconfig"; path = "Pods/Target Support Files/Pods-ChatAppFirebase/Pods-ChatAppFirebase.debug.xcconfig"; sourceTree = "<group>"; };
/* End PBXFileReference section */

/* Begin PBXFrameworksBuildPhase section */
		F5D25E351FA64BA60003F0CA /* Frameworks */ = {
			isa = PBXFrameworksBuildPhase;
			buildActionMask = 2147483647;
			files = (
				21C48752A8D40F8C973F7350 /* Pods_ChatAppFirebase.framework in Frameworks */,
			);
			runOnlyForDeploymentPostprocessing = 0;
		};
/* End PBXFrameworksBuildPhase section */

/* Begin PBXGroup section */
		1FD8471BBC4FE78E2559EC33 /* Pods */ = {
			isa = PBXGroup;
			children = (
				FFF78C8200C6D7E71616EB46 /* Pods-ChatAppFirebase.debug.xcconfig */,
				D2DE78933837274F42BFF881 /* Pods-ChatAppFirebase.release.xcconfig */,
			);
			name = Pods;
			sourceTree = "<group>";
		};
		5029A2A8C97E31154A10BE77 /* Frameworks */ = {
			isa = PBXGroup;
			children = (
				FA69B0C9DF040520B4C90A4A /* Pods_ChatAppFirebase.framework */,
			);
			name = Frameworks;
			sourceTree = "<group>";
		};
		F5D25E2F1FA64BA60003F0CA = {
			isa = PBXGroup;
			children = (
				F5D25E3A1FA64BA60003F0CA /* ChatAppFirebase */,
				F5D25E391FA64BA60003F0CA /* Products */,
				1FD8471BBC4FE78E2559EC33 /* Pods */,
				5029A2A8C97E31154A10BE77 /* Frameworks */,
			);
			sourceTree = "<group>";
		};
		F5D25E391FA64BA60003F0CA /* Products */ = {
			isa = PBXGroup;
			children = (
				F5D25E381FA64BA60003F0CA /* ChatAppFirebase.app */,
			);
			name = Products;
			sourceTree = "<group>";
		};
		F5D25E3A1FA64BA60003F0CA /* ChatAppFirebase */ = {
			isa = PBXGroup;
			children = (
				F5D9B90E1FA6516500F633CB /* Util */,
				F5D9B90D1FA6515D00F633CB /* Services */,
				F5D9B90C1FA6515700F633CB /* Extensions */,
				F5D9B90B1FA6515200F633CB /* Model */,
				F5D9B90A1FA6514D00F633CB /* View */,
				F5D9B9091FA6513E00F633CB /* Controller */,
				F5D25E3B1FA64BA60003F0CA /* AppDelegate.swift */,
				F5D25E411FA64BA60003F0CA /* Main.storyboard */,
				F5D25E441FA64BA60003F0CA /* Assets.xcassets */,
				F5D25E461FA64BA60003F0CA /* LaunchScreen.storyboard */,
				F5F222161FA9C53800EC7F73 /* GoogleService-Info.plist */,
				F57D2E2D1FD2AF4400C86131 /* Info.plist */,
			);
			path = ChatAppFirebase;
			sourceTree = "<group>";
		};
		F5D9B9091FA6513E00F633CB /* Controller */ = {
			isa = PBXGroup;
			children = (
				F5D25E3D1FA64BA60003F0CA /* FeedVC.swift */,
				F5D25E3F1FA64BA60003F0CA /* GroupsVC.swift */,
				F5D9B9101FA656BB00F633CB /* MeVC.swift */,
				F5D9B9121FA6599800F633CB /* CreatePostVC.swift */,
				F5D9B9141FA65D3B00F633CB /* CreateGroupVC.swift */,
				F5D978F81FA7BF510066A43B /* GroupFeedVC.swift */,
				F5D978FA1FA7BF820066A43B /* AuthVC.swift */,
				F5C45C631FAA05C900D6A907 /* SigninVC.swift */,
			);
			path = Controller;
			sourceTree = "<group>";
		};
		F5D9B90A1FA6514D00F633CB /* View */ = {
			isa = PBXGroup;
			children = (
				F5D978FE1FA7C0BA0066A43B /* FeedCell.swift */,
				F5D979001FA7C15D0066A43B /* GroupCell.swift */,
				F5D979021FA7C3BC0066A43B /* CreateGroupCell.swift */,
				F5F2221E1FA9D0BA00EC7F73 /* CustomTextField.swift */,
				F5585D251FADBEA100CB8849 /* GroupChatFeedCell.swift */,
			);
			path = View;
			sourceTree = "<group>";
		};
		F5D9B90B1FA6515200F633CB /* Model */ = {
			isa = PBXGroup;
			children = (
				F550CEA11FAC66C500A97B71 /* Message.swift */,
				F5E31A2B1FADA6FE00C5E894 /* Groups.swift */,
			);
			path = Model;
			sourceTree = "<group>";
		};
		F5D9B90C1FA6515700F633CB /* Extensions */ = {
			isa = PBXGroup;
			children = (
				F550CE9F1FAC65D100A97B71 /* UIViewExt.swift */,
				F5E158291FAE102300134F92 /* UIViewControllerExt.swift */,
			);
			path = Extensions;
			sourceTree = "<group>";
		};
		F5D9B90D1FA6515D00F633CB /* Services */ = {
			isa = PBXGroup;
			children = (
				F5F2221A1FA9CA5500EC7F73 /* DataServices.swift */,
				F5F2221C1FA9CA6200EC7F73 /* AuthServices.swift */,
				F57D2E271FD292F900C86131 /* GoogleServices.swift */,
				F57D2E291FD2A32200C86131 /* FacebookServices.swift */,
			);
			path = Services;
			sourceTree = "<group>";
		};
		F5D9B90E1FA6516500F633CB /* Util */ = {
			isa = PBXGroup;
			children = (
				F5F222181FA9CA2800EC7F73 /* Constants.swift */,
			);
			path = Util;
			sourceTree = "<group>";
		};
/* End PBXGroup section */

/* Begin PBXNativeTarget section */
		F5D25E371FA64BA60003F0CA /* ChatAppFirebase */ = {
			isa = PBXNativeTarget;
			buildConfigurationList = F5D25E4C1FA64BA60003F0CA /* Build configuration list for PBXNativeTarget "ChatAppFirebase" */;
			buildPhases = (
				0E076DE09DB746E83D5B1FBA /* [CP] Check Pods Manifest.lock */,
				F5D25E341FA64BA60003F0CA /* Sources */,
				F5D25E351FA64BA60003F0CA /* Frameworks */,
				F5D25E361FA64BA60003F0CA /* Resources */,
				1F6341513ED7B2DCD5BF949F /* [CP] Embed Pods Frameworks */,
				5DBA95BA28E918B5390B4B7A /* [CP] Copy Pods Resources */,
			);
			buildRules = (
			);
			dependencies = (
			);
			name = ChatAppFirebase;
			productName = ChatAppFirebase;
			productReference = F5D25E381FA64BA60003F0CA /* ChatAppFirebase.app */;
			productType = "com.apple.product-type.application";
		};
/* End PBXNativeTarget section */

/* Begin PBXProject section */
		F5D25E301FA64BA60003F0CA /* Project object */ = {
			isa = PBXProject;
			attributes = {
				LastSwiftUpdateCheck = 0900;
				LastUpgradeCheck = 0900;
				ORGANIZATIONNAME = NeonatCore;
				TargetAttributes = {
					F5D25E371FA64BA60003F0CA = {
						CreatedOnToolsVersion = 9.0;
						ProvisioningStyle = Automatic;
					};
				};
			};
			buildConfigurationList = F5D25E331FA64BA60003F0CA /* Build configuration list for PBXProject "ChatAppFirebase" */;
			compatibilityVersion = "Xcode 8.0";
			developmentRegion = en;
			hasScannedForEncodings = 0;
			knownRegions = (
				en,
				Base,
			);
			mainGroup = F5D25E2F1FA64BA60003F0CA;
			productRefGroup = F5D25E391FA64BA60003F0CA /* Products */;
			projectDirPath = "";
			projectRoot = "";
			targets = (
				F5D25E371FA64BA60003F0CA /* ChatAppFirebase */,
			);
		};
/* End PBXProject section */

/* Begin PBXResourcesBuildPhase section */
		F5D25E361FA64BA60003F0CA /* Resources */ = {
			isa = PBXResourcesBuildPhase;
			buildActionMask = 2147483647;
			files = (
				F5D25E481FA64BA60003F0CA /* LaunchScreen.storyboard in Resources */,
				F5F222171FA9C53C00EC7F73 /* GoogleService-Info.plist in Resources */,
				F5D25E451FA64BA60003F0CA /* Assets.xcassets in Resources */,
				F57D2E2E1FD2AF4500C86131 /* Info.plist in Resources */,
				F5D25E431FA64BA60003F0CA /* Main.storyboard in Resources */,
			);
			runOnlyForDeploymentPostprocessing = 0;
		};
/* End PBXResourcesBuildPhase section */

/* Begin PBXShellScriptBuildPhase section */
		0E076DE09DB746E83D5B1FBA /* [CP] Check Pods Manifest.lock */ = {
			isa = PBXShellScriptBuildPhase;
			buildActionMask = 2147483647;
			files = (
			);
			inputPaths = (
			);
			name = "[CP] Check Pods Manifest.lock";
			outputPaths = (
			);
			runOnlyForDeploymentPostprocessing = 0;
			shellPath = /bin/sh;
			shellScript = "diff \"${PODS_ROOT}/../Podfile.lock\" \"${PODS_ROOT}/Manifest.lock\" > /dev/null\nif [ $? != 0 ] ; then\n    # print error to STDERR\n    echo \"error: The sandbox is not in sync with the Podfile.lock. Run 'pod install' or update your CocoaPods installation.\" >&2\n    exit 1\nfi\n";
			showEnvVarsInLog = 0;
		};
		1F6341513ED7B2DCD5BF949F /* [CP] Embed Pods Frameworks */ = {
			isa = PBXShellScriptBuildPhase;
			buildActionMask = 2147483647;
			files = (
			);
			inputPaths = (
			);
			name = "[CP] Embed Pods Frameworks";
			outputPaths = (
			);
			runOnlyForDeploymentPostprocessing = 0;
			shellPath = /bin/sh;
			shellScript = "\"${SRCROOT}/Pods/Target Support Files/Pods-ChatAppFirebase/Pods-ChatAppFirebase-frameworks.sh\"\n";
			showEnvVarsInLog = 0;
		};
		5DBA95BA28E918B5390B4B7A /* [CP] Copy Pods Resources */ = {
			isa = PBXShellScriptBuildPhase;
			buildActionMask = 2147483647;
			files = (
			);
			inputPaths = (
			);
			name = "[CP] Copy Pods Resources";
			outputPaths = (
			);
			runOnlyForDeploymentPostprocessing = 0;
			shellPath = /bin/sh;
			shellScript = "\"${SRCROOT}/Pods/Target Support Files/Pods-ChatAppFirebase/Pods-ChatAppFirebase-resources.sh\"\n";
			showEnvVarsInLog = 0;
		};
/* End PBXShellScriptBuildPhase section */

/* Begin PBXSourcesBuildPhase section */
		F5D25E341FA64BA60003F0CA /* Sources */ = {
			isa = PBXSourcesBuildPhase;
			buildActionMask = 2147483647;
			files = (
				F5F2221D1FA9CA6200EC7F73 /* AuthServices.swift in Sources */,
				F5D9B9131FA6599800F633CB /* CreatePostVC.swift in Sources */,
				F57D2E2A1FD2A32200C86131 /* FacebookServices.swift in Sources */,
				F5F2221B1FA9CA5500EC7F73 /* DataServices.swift in Sources */,
				F550CEA21FAC66C500A97B71 /* Message.swift in Sources */,
				F5D979031FA7C3BC0066A43B /* CreateGroupCell.swift in Sources */,
				F5E1582A1FAE102300134F92 /* UIViewControllerExt.swift in Sources */,
				F5F2221F1FA9D0BA00EC7F73 /* CustomTextField.swift in Sources */,
				F5D978FF1FA7C0BA0066A43B /* FeedCell.swift in Sources */,
				F5D979011FA7C15D0066A43B /* GroupCell.swift in Sources */,
				F5D978F91FA7BF510066A43B /* GroupFeedVC.swift in Sources */,
				F5D978FB1FA7BF820066A43B /* AuthVC.swift in Sources */,
				F5D9B9111FA656BB00F633CB /* MeVC.swift in Sources */,
				F5585D261FADBEA100CB8849 /* GroupChatFeedCell.swift in Sources */,
				F5C45C641FAA05C900D6A907 /* SigninVC.swift in Sources */,
				F57D2E281FD292F900C86131 /* GoogleServices.swift in Sources */,
				F5F222191FA9CA2800EC7F73 /* Constants.swift in Sources */,
				F5E31A2C1FADA6FE00C5E894 /* Groups.swift in Sources */,
				F5D9B9151FA65D3B00F633CB /* CreateGroupVC.swift in Sources */,
				F550CEA01FAC65D100A97B71 /* UIViewExt.swift in Sources */,
				F5D25E401FA64BA60003F0CA /* GroupsVC.swift in Sources */,
				F5D25E3C1FA64BA60003F0CA /* AppDelegate.swift in Sources */,
				F5D25E3E1FA64BA60003F0CA /* FeedVC.swift in Sources */,
			);
			runOnlyForDeploymentPostprocessing = 0;
		};
/* End PBXSourcesBuildPhase section */

/* Begin PBXVariantGroup section */
		F5D25E411FA64BA60003F0CA /* Main.storyboard */ = {
			isa = PBXVariantGroup;
			children = (
				F5D25E421FA64BA60003F0CA /* Base */,
			);
			name = Main.storyboard;
			sourceTree = "<group>";
		};
		F5D25E461FA64BA60003F0CA /* LaunchScreen.storyboard */ = {
			isa = PBXVariantGroup;
			children = (
				F5D25E471FA64BA60003F0CA /* Base */,
			);
			name = LaunchScreen.storyboard;
			sourceTree = "<group>";
		};
/* End PBXVariantGroup section */

/* Begin XCBuildConfiguration section */
		F5D25E4A1FA64BA60003F0CA /* Debug */ = {
			isa = XCBuildConfiguration;
			buildSettings = {
				ALWAYS_SEARCH_USER_PATHS = NO;
				CLANG_ANALYZER_NONNULL = YES;
				CLANG_ANALYZER_NUMBER_OBJECT_CONVERSION = YES_AGGRESSIVE;
				CLANG_CXX_LANGUAGE_STANDARD = "gnu++14";
				CLANG_CXX_LIBRARY = "libc++";
				CLANG_ENABLE_MODULES = YES;
				CLANG_ENABLE_OBJC_ARC = YES;
				CLANG_WARN_BLOCK_CAPTURE_AUTORELEASING = YES;
				CLANG_WARN_BOOL_CONVERSION = YES;
				CLANG_WARN_COMMA = YES;
				CLANG_WARN_CONSTANT_CONVERSION = YES;
				CLANG_WARN_DIRECT_OBJC_ISA_USAGE = YES_ERROR;
				CLANG_WARN_DOCUMENTATION_COMMENTS = YES;
				CLANG_WARN_EMPTY_BODY = YES;
				CLANG_WARN_ENUM_CONVERSION = YES;
				CLANG_WARN_INFINITE_RECURSION = YES;
				CLANG_WARN_INT_CONVERSION = YES;
				CLANG_WARN_NON_LITERAL_NULL_CONVERSION = YES;
				CLANG_WARN_OBJC_LITERAL_CONVERSION = YES;
				CLANG_WARN_OBJC_ROOT_CLASS = YES_ERROR;
				CLANG_WARN_RANGE_LOOP_ANALYSIS = YES;
				CLANG_WARN_STRICT_PROTOTYPES = YES;
				CLANG_WARN_SUSPICIOUS_MOVE = YES;
				CLANG_WARN_UNGUARDED_AVAILABILITY = YES_AGGRESSIVE;
				CLANG_WARN_UNREACHABLE_CODE = YES;
				CLANG_WARN__DUPLICATE_METHOD_MATCH = YES;
				CODE_SIGN_IDENTITY = "iPhone Developer";
				COPY_PHASE_STRIP = NO;
				DEBUG_INFORMATION_FORMAT = dwarf;
				ENABLE_STRICT_OBJC_MSGSEND = YES;
				ENABLE_TESTABILITY = YES;
				GCC_C_LANGUAGE_STANDARD = gnu11;
				GCC_DYNAMIC_NO_PIC = NO;
				GCC_NO_COMMON_BLOCKS = YES;
				GCC_OPTIMIZATION_LEVEL = 0;
				GCC_PREPROCESSOR_DEFINITIONS = (
					"DEBUG=1",
					"$(inherited)",
				);
				GCC_WARN_64_TO_32_BIT_CONVERSION = YES;
				GCC_WARN_ABOUT_RETURN_TYPE = YES_ERROR;
				GCC_WARN_UNDECLARED_SELECTOR = YES;
				GCC_WARN_UNINITIALIZED_AUTOS = YES_AGGRESSIVE;
				GCC_WARN_UNUSED_FUNCTION = YES;
				GCC_WARN_UNUSED_VARIABLE = YES;
				IPHONEOS_DEPLOYMENT_TARGET = 11.0;
				MTL_ENABLE_DEBUG_INFO = YES;
				ONLY_ACTIVE_ARCH = YES;
				SDKROOT = iphoneos;
				SWIFT_ACTIVE_COMPILATION_CONDITIONS = DEBUG;
				SWIFT_OPTIMIZATION_LEVEL = "-Onone";
			};
			name = Debug;
		};
		F5D25E4B1FA64BA60003F0CA /* Release */ = {
			isa = XCBuildConfiguration;
			buildSettings = {
				ALWAYS_SEARCH_USER_PATHS = NO;
				CLANG_ANALYZER_NONNULL = YES;
				CLANG_ANALYZER_NUMBER_OBJECT_CONVERSION = YES_AGGRESSIVE;
				CLANG_CXX_LANGUAGE_STANDARD = "gnu++14";
				CLANG_CXX_LIBRARY = "libc++";
				CLANG_ENABLE_MODULES = YES;
				CLANG_ENABLE_OBJC_ARC = YES;
				CLANG_WARN_BLOCK_CAPTURE_AUTORELEASING = YES;
				CLANG_WARN_BOOL_CONVERSION = YES;
				CLANG_WARN_COMMA = YES;
				CLANG_WARN_CONSTANT_CONVERSION = YES;
				CLANG_WARN_DIRECT_OBJC_ISA_USAGE = YES_ERROR;
				CLANG_WARN_DOCUMENTATION_COMMENTS = YES;
				CLANG_WARN_EMPTY_BODY = YES;
				CLANG_WARN_ENUM_CONVERSION = YES;
				CLANG_WARN_INFINITE_RECURSION = YES;
				CLANG_WARN_INT_CONVERSION = YES;
				CLANG_WARN_NON_LITERAL_NULL_CONVERSION = YES;
				CLANG_WARN_OBJC_LITERAL_CONVERSION = YES;
				CLANG_WARN_OBJC_ROOT_CLASS = YES_ERROR;
				CLANG_WARN_RANGE_LOOP_ANALYSIS = YES;
				CLANG_WARN_STRICT_PROTOTYPES = YES;
				CLANG_WARN_SUSPICIOUS_MOVE = YES;
				CLANG_WARN_UNGUARDED_AVAILABILITY = YES_AGGRESSIVE;
				CLANG_WARN_UNREACHABLE_CODE = YES;
				CLANG_WARN__DUPLICATE_METHOD_MATCH = YES;
				CODE_SIGN_IDENTITY = "iPhone Developer";
				COPY_PHASE_STRIP = NO;
				DEBUG_INFORMATION_FORMAT = "dwarf-with-dsym";
				ENABLE_NS_ASSERTIONS = NO;
				ENABLE_STRICT_OBJC_MSGSEND = YES;
				GCC_C_LANGUAGE_STANDARD = gnu11;
				GCC_NO_COMMON_BLOCKS = YES;
				GCC_WARN_64_TO_32_BIT_CONVERSION = YES;
				GCC_WARN_ABOUT_RETURN_TYPE = YES_ERROR;
				GCC_WARN_UNDECLARED_SELECTOR = YES;
				GCC_WARN_UNINITIALIZED_AUTOS = YES_AGGRESSIVE;
				GCC_WARN_UNUSED_FUNCTION = YES;
				GCC_WARN_UNUSED_VARIABLE = YES;
				IPHONEOS_DEPLOYMENT_TARGET = 11.0;
				MTL_ENABLE_DEBUG_INFO = NO;
				SDKROOT = iphoneos;
				SWIFT_OPTIMIZATION_LEVEL = "-Owholemodule";
				VALIDATE_PRODUCT = YES;
			};
			name = Release;
		};
		F5D25E4D1FA64BA60003F0CA /* Debug */ = {
			isa = XCBuildConfiguration;
			baseConfigurationReference = FFF78C8200C6D7E71616EB46 /* Pods-ChatAppFirebase.debug.xcconfig */;
			buildSettings = {
				ASSETCATALOG_COMPILER_APPICON_NAME = AppIcon;
				CODE_SIGN_STYLE = Automatic;
				DEVELOPMENT_TEAM = Y2M3TGJYMN;
				INFOPLIST_FILE = ChatAppFirebase/Info.plist;
				LD_RUNPATH_SEARCH_PATHS = "$(inherited) @executable_path/Frameworks";
				PRODUCT_BUNDLE_IDENTIFIER = com.neonatcore.ChatAppFirebase;
				PRODUCT_NAME = "$(TARGET_NAME)";
				SWIFT_VERSION = 4.0;
				TARGETED_DEVICE_FAMILY = "1,2";
			};
			name = Debug;
		};
		F5D25E4E1FA64BA60003F0CA /* Release */ = {
			isa = XCBuildConfiguration;
			baseConfigurationReference = D2DE78933837274F42BFF881 /* Pods-ChatAppFirebase.release.xcconfig */;
			buildSettings = {
				ASSETCATALOG_COMPILER_APPICON_NAME = AppIcon;
				CODE_SIGN_STYLE = Automatic;
				DEVELOPMENT_TEAM = Y2M3TGJYMN;
				INFOPLIST_FILE = ChatAppFirebase/Info.plist;
				LD_RUNPATH_SEARCH_PATHS = "$(inherited) @executable_path/Frameworks";
				PRODUCT_BUNDLE_IDENTIFIER = com.neonatcore.ChatAppFirebase;
				PRODUCT_NAME = "$(TARGET_NAME)";
				SWIFT_VERSION = 4.0;
				TARGETED_DEVICE_FAMILY = "1,2";
			};
			name = Release;
		};
/* End XCBuildConfiguration section */

/* Begin XCConfigurationList section */
		F5D25E331FA64BA60003F0CA /* Build configuration list for PBXProject "ChatAppFirebase" */ = {
			isa = XCConfigurationList;
			buildConfigurations = (
				F5D25E4A1FA64BA60003F0CA /* Debug */,
				F5D25E4B1FA64BA60003F0CA /* Release */,
			);
			defaultConfigurationIsVisible = 0;
			defaultConfigurationName = Release;
		};
		F5D25E4C1FA64BA60003F0CA /* Build configuration list for PBXNativeTarget "ChatAppFirebase" */ = {
			isa = XCConfigurationList;
			buildConfigurations = (
				F5D25E4D1FA64BA60003F0CA /* Debug */,
				F5D25E4E1FA64BA60003F0CA /* Release */,
			);
			defaultConfigurationIsVisible = 0;
			defaultConfigurationName = Release;
		};
/* End XCConfigurationList section */
	};
	rootObject = F5D25E301FA64BA60003F0CA /* Project object */;
}
